
Microsoft Visual Studio Solution File, Format Version 12.00
# Visual Studio Version 16
VisualStudioVersion = 16.0.30114.105
MinimumVisualStudioVersion = 10.0.40219.1
Project("{2150E333-8FDC-42A3-9474-1A3956D46DE8}") = "domain", "domain", "{8A577377-C1EF-4690-9196-F6D096D95789}"
EndProject
Project("{9A19103F-16F7-4668-BE54-9A1E7A4F7556}") = "Fastfood", "domain\Fastfood\Fastfood.csproj", "{C200C0FF-8A1F-40C3-829A-8556324BA6D4}"
EndProject
Project("{2150E333-8FDC-42A3-9474-1A3956D46DE8}") = "infrastructure", "infrastructure", "{7FF1C2DB-2032-4F1F-8AD3-DC90C43CDF2A}"
EndProject
Project("{9A19103F-16F7-4668-BE54-9A1E7A4F7556}") = "Fastfood.Memory", "infrastructure\Fastfood.Memory\Fastfood.Memory.csproj", "{1A83E0BF-A3DF-4749-AB06-468598F9F28F}"
EndProject
Project("{2150E333-8FDC-42A3-9474-1A3956D46DE8}") = "presentation", "presentation", "{BAD5C028-9614-4478-A934-BF38C738D9B9}"
EndProject
Project("{9A19103F-16F7-4668-BE54-9A1E7A4F7556}") = "Fastfood.Web", "presentation\Fastfood.Web\Fastfood.Web.csproj", "{7FFD8C91-FDCD-4931-B148-E62369BF93C6}"
EndProject
Project("{FAE04EC0-301F-11D3-BF4B-00C04F79EFBC}") = "Fastfood.Tests", "domain\Fastfood.Tests\Fastfood.Tests.csproj", "{1C3DC0D7-4115-49DD-967E-80003AFA9F5B}"
EndProject
Global
	GlobalSection(SolutionConfigurationPlatforms) = preSolution
		Debug|Any CPU = Debug|Any CPU
		Debug|x64 = Debug|x64
		Debug|x86 = Debug|x86
		Release|Any CPU = Release|Any CPU
		Release|x64 = Release|x64
		Release|x86 = Release|x86
	EndGlobalSection
	GlobalSection(ProjectConfigurationPlatforms) = postSolution
		{C200C0FF-8A1F-40C3-829A-8556324BA6D4}.Debug|Any CPU.ActiveCfg = Debug|Any CPU
		{C200C0FF-8A1F-40C3-829A-8556324BA6D4}.Debug|Any CPU.Build.0 = Debug|Any CPU
		{C200C0FF-8A1F-40C3-829A-8556324BA6D4}.Debug|x64.ActiveCfg = Debug|Any CPU
		{C200C0FF-8A1F-40C3-829A-8556324BA6D4}.Debug|x64.Build.0 = Debug|Any CPU
		{C200C0FF-8A1F-40C3-829A-8556324BA6D4}.Debug|x86.ActiveCfg = Debug|Any CPU
		{C200C0FF-8A1F-40C3-829A-8556324BA6D4}.Debug|x86.Build.0 = Debug|Any CPU
		{C200C0FF-8A1F-40C3-829A-8556324BA6D4}.Release|Any CPU.ActiveCfg = Release|Any CPU
		{C200C0FF-8A1F-40C3-829A-8556324BA6D4}.Release|Any CPU.Build.0 = Release|Any CPU
		{C200C0FF-8A1F-40C3-829A-8556324BA6D4}.Release|x64.ActiveCfg = Release|Any CPU
		{C200C0FF-8A1F-40C3-829A-8556324BA6D4}.Release|x64.Build.0 = Release|Any CPU
		{C200C0FF-8A1F-40C3-829A-8556324BA6D4}.Release|x86.ActiveCfg = Release|Any CPU
		{C200C0FF-8A1F-40C3-829A-8556324BA6D4}.Release|x86.Build.0 = Release|Any CPU
		{1A83E0BF-A3DF-4749-AB06-468598F9F28F}.Debug|Any CPU.ActiveCfg = Debug|Any CPU
		{1A83E0BF-A3DF-4749-AB06-468598F9F28F}.Debug|Any CPU.Build.0 = Debug|Any CPU
		{1A83E0BF-A3DF-4749-AB06-468598F9F28F}.Debug|x64.ActiveCfg = Debug|Any CPU
		{1A83E0BF-A3DF-4749-AB06-468598F9F28F}.Debug|x64.Build.0 = Debug|Any CPU
		{1A83E0BF-A3DF-4749-AB06-468598F9F28F}.Debug|x86.ActiveCfg = Debug|Any CPU
		{1A83E0BF-A3DF-4749-AB06-468598F9F28F}.Debug|x86.Build.0 = Debug|Any CPU
		{1A83E0BF-A3DF-4749-AB06-468598F9F28F}.Release|Any CPU.ActiveCfg = Release|Any CPU
		{1A83E0BF-A3DF-4749-AB06-468598F9F28F}.Release|Any CPU.Build.0 = Release|Any CPU
		{1A83E0BF-A3DF-4749-AB06-468598F9F28F}.Release|x64.ActiveCfg = Release|Any CPU
		{1A83E0BF-A3DF-4749-AB06-468598F9F28F}.Release|x64.Build.0 = Release|Any CPU
		{1A83E0BF-A3DF-4749-AB06-468598F9F28F}.Release|x86.ActiveCfg = Release|Any CPU
		{1A83E0BF-A3DF-4749-AB06-468598F9F28F}.Release|x86.Build.0 = Release|Any CPU
		{7FFD8C91-FDCD-4931-B148-E62369BF93C6}.Debug|Any CPU.ActiveCfg = Debug|Any CPU
		{7FFD8C91-FDCD-4931-B148-E62369BF93C6}.Debug|Any CPU.Build.0 = Debug|Any CPU
		{7FFD8C91-FDCD-4931-B148-E62369BF93C6}.Debug|x64.ActiveCfg = Debug|Any CPU
		{7FFD8C91-FDCD-4931-B148-E62369BF93C6}.Debug|x64.Build.0 = Debug|Any CPU
		{7FFD8C91-FDCD-4931-B148-E62369BF93C6}.Debug|x86.ActiveCfg = Debug|Any CPU
		{7FFD8C91-FDCD-4931-B148-E62369BF93C6}.Debug|x86.Build.0 = Debug|Any CPU
		{7FFD8C91-FDCD-4931-B148-E62369BF93C6}.Release|Any CPU.ActiveCfg = Release|Any CPU
		{7FFD8C91-FDCD-4931-B148-E62369BF93C6}.Release|Any CPU.Build.0 = Release|Any CPU
		{7FFD8C91-FDCD-4931-B148-E62369BF93C6}.Release|x64.ActiveCfg = Release|Any CPU
		{7FFD8C91-FDCD-4931-B148-E62369BF93C6}.Release|x64.Build.0 = Release|Any CPU
		{7FFD8C91-FDCD-4931-B148-E62369BF93C6}.Release|x86.ActiveCfg = Release|Any CPU
		{7FFD8C91-FDCD-4931-B148-E62369BF93C6}.Release|x86.Build.0 = Release|Any CPU
		{1C3DC0D7-4115-49DD-967E-80003AFA9F5B}.Debug|Any CPU.ActiveCfg = Debug|Any CPU
		{1C3DC0D7-4115-49DD-967E-80003AFA9F5B}.Debug|Any CPU.Build.0 = Debug|Any CPU
		{1C3DC0D7-4115-49DD-967E-80003AFA9F5B}.Debug|x64.ActiveCfg = Debug|Any CPU
		{1C3DC0D7-4115-49DD-967E-80003AFA9F5B}.Debug|x64.Build.0 = Debug|Any CPU
		{1C3DC0D7-4115-49DD-967E-80003AFA9F5B}.Debug|x86.ActiveCfg = Debug|Any CPU
		{1C3DC0D7-4115-49DD-967E-80003AFA9F5B}.Debug|x86.Build.0 = Debug|Any CPU
		{1C3DC0D7-4115-49DD-967E-80003AFA9F5B}.Release|Any CPU.ActiveCfg = Release|Any CPU
		{1C3DC0D7-4115-49DD-967E-80003AFA9F5B}.Release|Any CPU.Build.0 = Release|Any CPU
		{1C3DC0D7-4115-49DD-967E-80003AFA9F5B}.Release|x64.ActiveCfg = Release|Any CPU
		{1C3DC0D7-4115-49DD-967E-80003AFA9F5B}.Release|x64.Build.0 = Release|Any CPU
		{1C3DC0D7-4115-49DD-967E-80003AFA9F5B}.Release|x86.ActiveCfg = Release|Any CPU
		{1C3DC0D7-4115-49DD-967E-80003AFA9F5B}.Release|x86.Build.0 = Release|Any CPU
	EndGlobalSection
	GlobalSection(SolutionProperties) = preSolution
		HideSolutionNode = FALSE
	EndGlobalSection
	GlobalSection(NestedProjects) = preSolution
		{C200C0FF-8A1F-40C3-829A-8556324BA6D4} = {8A577377-C1EF-4690-9196-F6D096D95789}
		{1A83E0BF-A3DF-4749-AB06-468598F9F28F} = {7FF1C2DB-2032-4F1F-8AD3-DC90C43CDF2A}
		{7FFD8C91-FDCD-4931-B148-E62369BF93C6} = {BAD5C028-9614-4478-A934-BF38C738D9B9}
		{1C3DC0D7-4115-49DD-967E-80003AFA9F5B} = {8A577377-C1EF-4690-9196-F6D096D95789}
	EndGlobalSection
	GlobalSection(ExtensibilityGlobals) = postSolution
		SolutionGuid = {2FC2ED64-D9B0-4AB8-A46F-01ED7C1A6DAB}
	EndGlobalSection
EndGlobal
